
Microsoft Visual Studio Solution File, Format Version 12.00
# Visual Studio 15
VisualStudioVersion = 15.0.27703.2026
MinimumVisualStudioVersion = 10.0.40219.1
Project("{FAE04EC0-301F-11D3-BF4B-00C04F79EFBC}") = "projekat_1", "projekat_1\projekat_1.csproj", "{35882867-358E-45B8-A746-1FD3E82E07F0}"
EndProject
Global
	GlobalSection(SolutionConfigurationPlatforms) = preSolution
		Debug|Any CPU = Debug|Any CPU
		Release|Any CPU = Release|Any CPU
	EndGlobalSection
	GlobalSection(ProjectConfigurationPlatforms) = postSolution
		{35882867-358E-45B8-A746-1FD3E82E07F0}.Debug|Any CPU.ActiveCfg = Debug|Any CPU
		{35882867-358E-45B8-A746-1FD3E82E07F0}.Debug|Any CPU.Build.0 = Debug|Any CPU
		{35882867-358E-45B8-A746-1FD3E82E07F0}.Release|Any CPU.ActiveCfg = Release|Any CPU
		{35882867-358E-45B8-A746-1FD3E82E07F0}.Release|Any CPU.Build.0 = Release|Any CPU
	EndGlobalSection
	GlobalSection(SolutionProperties) = preSolution
		HideSolutionNode = FALSE
	EndGlobalSection
	GlobalSection(ExtensibilityGlobals) = postSolution
		SolutionGuid = {66BB21C2-3D49-405C-9BF2-2627A3F954DF}
	EndGlobalSection
EndGlobal
